
Microsoft Visual Studio Solution File, Format Version 12.00
# Visual Studio 2017
Project("{FAE04EC0-301F-11D3-BF4B-00C04F79EFBC}") = "finalProject.Plugins", "finalProject.Plugins.csproj", "{852BC61D-73B4-AAC1-5B37-9D0E2EE36744}"
EndProject
Project("{FAE04EC0-301F-11D3-BF4B-00C04F79EFBC}") = "finalProject.Editor.Plugins", "finalProject.Editor.Plugins.csproj", "{48B7589F-54C5-8165-BF88-88B422F028A8}"
EndProject
Global
	GlobalSection(SolutionConfigurationPlatforms) = preSolution
		Debug|Any CPU = Debug|Any CPU
		Release|Any CPU = Release|Any CPU
	EndGlobalSection
	GlobalSection(ProjectConfigurationPlatforms) = postSolution
		{852BC61D-73B4-AAC1-5B37-9D0E2EE36744}.Debug|Any CPU.ActiveCfg = Debug|Any CPU
		{852BC61D-73B4-AAC1-5B37-9D0E2EE36744}.Debug|Any CPU.Build.0 = Debug|Any CPU
		{852BC61D-73B4-AAC1-5B37-9D0E2EE36744}.Release|Any CPU.ActiveCfg = Release|Any CPU
		{852BC61D-73B4-AAC1-5B37-9D0E2EE36744}.Release|Any CPU.Build.0 = Release|Any CPU
		{48B7589F-54C5-8165-BF88-88B422F028A8}.Debug|Any CPU.ActiveCfg = Debug|Any CPU
		{48B7589F-54C5-8165-BF88-88B422F028A8}.Debug|Any CPU.Build.0 = Debug|Any CPU
		{48B7589F-54C5-8165-BF88-88B422F028A8}.Release|Any CPU.ActiveCfg = Release|Any CPU
		{48B7589F-54C5-8165-BF88-88B422F028A8}.Release|Any CPU.Build.0 = Release|Any CPU
	EndGlobalSection
	GlobalSection(SolutionProperties) = preSolution
		HideSolutionNode = FALSE
	EndGlobalSection
EndGlobal
